Microsoft Visual Studio Solution File, Format Version 12.00
# Visual Studio Version 17
VisualStudioVersion = 17.0.31912.275
MinimumVisualStudioVersion = 10.0.40219.1
Project("{8BC9CEB8-8B4A-11D0-8D11-00A0C91BC942}") = "ziplib", "ziplib\ziplib.msvs_linux.vcxproj", "{22E2A25C-B516-4CAD-BDA5-2A59F995F4D0}"
	ProjectSection(ProjectDependencies) = postProject
		{3028D7E3-CE47-491B-BAD0-3D4B626D32F8} = {3028D7E3-CE47-491B-BAD0-3D4B626D32F8}
	EndProjectSection
EndProject
Project("{8BC9CEB8-8B4A-11D0-8D11-00A0C91BC942}") = "xdatabase", "xdatabase\xdatabase.msvs_linux.vcxproj", "{E586850D-8E60-4413-AA72-8B3AD3EE60F5}"
	ProjectSection(ProjectDependencies) = postProject
		{3028D7E3-CE47-491B-BAD0-3D4B626D32F8} = {3028D7E3-CE47-491B-BAD0-3D4B626D32F8}
	EndProjectSection
EndProject
Project("{8BC9CEB8-8B4A-11D0-8D11-00A0C91BC942}") = "template", "template\template.msvs_linux.vcxproj", "{043712BE-42D6-4E8B-A75A-0C05CECC6E09}"
	ProjectSection(ProjectDependencies) = postProject
		{3028D7E3-CE47-491B-BAD0-3D4B626D32F8} = {3028D7E3-CE47-491B-BAD0-3D4B626D32F8}
	EndProjectSection
EndProject
Project("{8BC9CEB8-8B4A-11D0-8D11-00A0C91BC942}") = "parser", "parser\parser.msvs_linux.vcxproj", "{D64D4200-D6CA-4972-BE8C-5ACFE44FC525}"
	ProjectSection(ProjectDependencies) = postProject
		{575EC26A-FEC9-4D4A-8476-1FF33107D1AE} = {575EC26A-FEC9-4D4A-8476-1FF33107D1AE}
		{043712BE-42D6-4E8B-A75A-0C05CECC6E09} = {043712BE-42D6-4E8B-A75A-0C05CECC6E09}
		{3028D7E3-CE47-491B-BAD0-3D4B626D32F8} = {3028D7E3-CE47-491B-BAD0-3D4B626D32F8}
	EndProjectSection
EndProject
Project("{8BC9CEB8-8B4A-11D0-8D11-00A0C91BC942}") = "algorithmic", "algorithmic\algorithmic.msvs_linux.vcxproj", "{8967FEBF-CA4D-48AC-8995-371A4D81BCBE}"
	ProjectSection(ProjectDependencies) = postProject
		{3028D7E3-CE47-491B-BAD0-3D4B626D32F8} = {3028D7E3-CE47-491B-BAD0-3D4B626D32F8}
	EndProjectSection
EndProject
Project("{8BC9CEB8-8B4A-11D0-8D11-00A0C91BC942}") = "helper", "helper\helper.msvs_linux.vcxproj", "{EC71F594-7EB8-4758-9570-D57DDD6012A5}"
	ProjectSection(ProjectDependencies) = postProject
		{575EC26A-FEC9-4D4A-8476-1FF33107D1AE} = {575EC26A-FEC9-4D4A-8476-1FF33107D1AE}
	EndProjectSection
EndProject
Project("{8BC9CEB8-8B4A-11D0-8D11-00A0C91BC942}") = "utility", "utility\utility.msvs_linux.vcxproj", "{3028D7E3-CE47-491B-BAD0-3D4B626D32F8}"
EndProject
Project("{8BC9CEB8-8B4A-11D0-8D11-00A0C91BC942}") = "gadget", "gadget\gadget.msvs_linux.vcxproj", "{575EC26A-FEC9-4D4A-8476-1FF33107D1AE}"
	ProjectSection(ProjectDependencies) = postProject
		{043712BE-42D6-4E8B-A75A-0C05CECC6E09} = {043712BE-42D6-4E8B-A75A-0C05CECC6E09}
		{8967FEBF-CA4D-48AC-8995-371A4D81BCBE} = {8967FEBF-CA4D-48AC-8995-371A4D81BCBE}
		{3028D7E3-CE47-491B-BAD0-3D4B626D32F8} = {3028D7E3-CE47-491B-BAD0-3D4B626D32F8}
	EndProjectSection
EndProject
Project("{8BC9CEB8-8B4A-11D0-8D11-00A0C91BC942}") = "netsocket", "netsocket\netsocket.msvs_linux.vcxproj", "{B6E960AE-F503-4E76-8317-6A54BEE839B2}"
	ProjectSection(ProjectDependencies) = postProject
		{043712BE-42D6-4E8B-A75A-0C05CECC6E09} = {043712BE-42D6-4E8B-A75A-0C05CECC6E09}
		{3028D7E3-CE47-491B-BAD0-3D4B626D32F8} = {3028D7E3-CE47-491B-BAD0-3D4B626D32F8}
	EndProjectSection
EndProject
Project("{8BC9CEB8-8B4A-11D0-8D11-00A0C91BC942}") = "cyberspace_server", "cyberspace\cyberspace_server.msvs_linux.vcxproj", "{031C8482-F6D9-433B-8869-CAD3479E4009}"
	ProjectSection(ProjectDependencies) = postProject
		{D64D4200-D6CA-4972-BE8C-5ACFE44FC525} = {D64D4200-D6CA-4972-BE8C-5ACFE44FC525}
		{E586850D-8E60-4413-AA72-8B3AD3EE60F5} = {E586850D-8E60-4413-AA72-8B3AD3EE60F5}
		{22E2A25C-B516-4CAD-BDA5-2A59F995F4D0} = {22E2A25C-B516-4CAD-BDA5-2A59F995F4D0}
		{575EC26A-FEC9-4D4A-8476-1FF33107D1AE} = {575EC26A-FEC9-4D4A-8476-1FF33107D1AE}
		{B6E960AE-F503-4E76-8317-6A54BEE839B2} = {B6E960AE-F503-4E76-8317-6A54BEE839B2}
		{043712BE-42D6-4E8B-A75A-0C05CECC6E09} = {043712BE-42D6-4E8B-A75A-0C05CECC6E09}
		{8967FEBF-CA4D-48AC-8995-371A4D81BCBE} = {8967FEBF-CA4D-48AC-8995-371A4D81BCBE}
		{3028D7E3-CE47-491B-BAD0-3D4B626D32F8} = {3028D7E3-CE47-491B-BAD0-3D4B626D32F8}
	EndProjectSection
EndProject
Project("{2150E333-8FDC-42A3-9474-1A3956D46DE8}") = "network", "network", "{B9C5DD4A-2FEA-43B3-A7B1-9EB0D4AE6272}"
EndProject
Project("{8BC9CEB8-8B4A-11D0-8D11-00A0C91BC942}") = "sdkapprun", "sdkapprun\sdkapprun.msvs_linux.vcxproj", "{2D8F6764-2747-474A-BD0A-BE057F15F661}"
EndProject
Global
	GlobalSection(SolutionConfigurationPlatforms) = preSolution
		Debug|ARM = Debug|ARM
		Debug|x64 = Debug|x64
		Debug|x86 = Debug|x86
		Release|ARM = Release|ARM
		Release|x64 = Release|x64
		Release|x86 = Release|x86
	EndGlobalSection
	GlobalSection(ProjectConfigurationPlatforms) = postSolution
		{22E2A25C-B516-4CAD-BDA5-2A59F995F4D0}.Debug|ARM.ActiveCfg = Debug|ARM
		{22E2A25C-B516-4CAD-BDA5-2A59F995F4D0}.Debug|ARM.Build.0 = Debug|ARM
		{22E2A25C-B516-4CAD-BDA5-2A59F995F4D0}.Debug|x64.ActiveCfg = Debug|x64
		{22E2A25C-B516-4CAD-BDA5-2A59F995F4D0}.Debug|x64.Build.0 = Debug|x64
		{22E2A25C-B516-4CAD-BDA5-2A59F995F4D0}.Debug|x86.ActiveCfg = Debug|x86
		{22E2A25C-B516-4CAD-BDA5-2A59F995F4D0}.Debug|x86.Build.0 = Debug|x86
		{22E2A25C-B516-4CAD-BDA5-2A59F995F4D0}.Release|ARM.ActiveCfg = Release|ARM
		{22E2A25C-B516-4CAD-BDA5-2A59F995F4D0}.Release|ARM.Build.0 = Release|ARM
		{22E2A25C-B516-4CAD-BDA5-2A59F995F4D0}.Release|x64.ActiveCfg = Release|x64
		{22E2A25C-B516-4CAD-BDA5-2A59F995F4D0}.Release|x64.Build.0 = Release|x64
		{22E2A25C-B516-4CAD-BDA5-2A59F995F4D0}.Release|x86.ActiveCfg = Release|x86
		{22E2A25C-B516-4CAD-BDA5-2A59F995F4D0}.Release|x86.Build.0 = Release|x86
		{E586850D-8E60-4413-AA72-8B3AD3EE60F5}.Debug|ARM.ActiveCfg = Debug|ARM
		{E586850D-8E60-4413-AA72-8B3AD3EE60F5}.Debug|ARM.Build.0 = Debug|ARM
		{E586850D-8E60-4413-AA72-8B3AD3EE60F5}.Debug|x64.ActiveCfg = Debug|x64
		{E586850D-8E60-4413-AA72-8B3AD3EE60F5}.Debug|x64.Build.0 = Debug|x64
		{E586850D-8E60-4413-AA72-8B3AD3EE60F5}.Debug|x86.ActiveCfg = Debug|x86
		{E586850D-8E60-4413-AA72-8B3AD3EE60F5}.Debug|x86.Build.0 = Debug|x86
		{E586850D-8E60-4413-AA72-8B3AD3EE60F5}.Release|ARM.ActiveCfg = Release|ARM
		{E586850D-8E60-4413-AA72-8B3AD3EE60F5}.Release|ARM.Build.0 = Release|ARM
		{E586850D-8E60-4413-AA72-8B3AD3EE60F5}.Release|x64.ActiveCfg = Release|x64
		{E586850D-8E60-4413-AA72-8B3AD3EE60F5}.Release|x64.Build.0 = Release|x64
		{E586850D-8E60-4413-AA72-8B3AD3EE60F5}.Release|x86.ActiveCfg = Release|x86
		{E586850D-8E60-4413-AA72-8B3AD3EE60F5}.Release|x86.Build.0 = Release|x86
		{043712BE-42D6-4E8B-A75A-0C05CECC6E09}.Debug|ARM.ActiveCfg = Debug|ARM
		{043712BE-42D6-4E8B-A75A-0C05CECC6E09}.Debug|ARM.Build.0 = Debug|ARM
		{043712BE-42D6-4E8B-A75A-0C05CECC6E09}.Debug|x64.ActiveCfg = Debug|x64
		{043712BE-42D6-4E8B-A75A-0C05CECC6E09}.Debug|x64.Build.0 = Debug|x64
		{043712BE-42D6-4E8B-A75A-0C05CECC6E09}.Debug|x86.ActiveCfg = Debug|x86
		{043712BE-42D6-4E8B-A75A-0C05CECC6E09}.Debug|x86.Build.0 = Debug|x86
		{043712BE-42D6-4E8B-A75A-0C05CECC6E09}.Release|ARM.ActiveCfg = Release|ARM
		{043712BE-42D6-4E8B-A75A-0C05CECC6E09}.Release|ARM.Build.0 = Release|ARM
		{043712BE-42D6-4E8B-A75A-0C05CECC6E09}.Release|x64.ActiveCfg = Release|x64
		{043712BE-42D6-4E8B-A75A-0C05CECC6E09}.Release|x64.Build.0 = Release|x64
		{043712BE-42D6-4E8B-A75A-0C05CECC6E09}.Release|x86.ActiveCfg = Release|x86
		{043712BE-42D6-4E8B-A75A-0C05CECC6E09}.Release|x86.Build.0 = Release|x86
		{D64D4200-D6CA-4972-BE8C-5ACFE44FC525}.Debug|ARM.ActiveCfg = Debug|ARM
		{D64D4200-D6CA-4972-BE8C-5ACFE44FC525}.Debug|ARM.Build.0 = Debug|ARM
		{D64D4200-D6CA-4972-BE8C-5ACFE44FC525}.Debug|x64.ActiveCfg = Debug|x64
		{D64D4200-D6CA-4972-BE8C-5ACFE44FC525}.Debug|x64.Build.0 = Debug|x64
		{D64D4200-D6CA-4972-BE8C-5ACFE44FC525}.Debug|x86.ActiveCfg = Debug|x86
		{D64D4200-D6CA-4972-BE8C-5ACFE44FC525}.Debug|x86.Build.0 = Debug|x86
		{D64D4200-D6CA-4972-BE8C-5ACFE44FC525}.Release|ARM.ActiveCfg = Release|ARM
		{D64D4200-D6CA-4972-BE8C-5ACFE44FC525}.Release|ARM.Build.0 = Release|ARM
		{D64D4200-D6CA-4972-BE8C-5ACFE44FC525}.Release|x64.ActiveCfg = Release|x64
		{D64D4200-D6CA-4972-BE8C-5ACFE44FC525}.Release|x64.Build.0 = Release|x64
		{D64D4200-D6CA-4972-BE8C-5ACFE44FC525}.Release|x86.ActiveCfg = Release|x86
		{D64D4200-D6CA-4972-BE8C-5ACFE44FC525}.Release|x86.Build.0 = Release|x86
		{8967FEBF-CA4D-48AC-8995-371A4D81BCBE}.Debug|ARM.ActiveCfg = Debug|ARM
		{8967FEBF-CA4D-48AC-8995-371A4D81BCBE}.Debug|ARM.Build.0 = Debug|ARM
		{8967FEBF-CA4D-48AC-8995-371A4D81BCBE}.Debug|x64.ActiveCfg = Debug|x64
		{8967FEBF-CA4D-48AC-8995-371A4D81BCBE}.Debug|x64.Build.0 = Debug|x64
		{8967FEBF-CA4D-48AC-8995-371A4D81BCBE}.Debug|x86.ActiveCfg = Debug|x86
		{8967FEBF-CA4D-48AC-8995-371A4D81BCBE}.Debug|x86.Build.0 = Debug|x86
		{8967FEBF-CA4D-48AC-8995-371A4D81BCBE}.Release|ARM.ActiveCfg = Release|ARM
		{8967FEBF-CA4D-48AC-8995-371A4D81BCBE}.Release|ARM.Build.0 = Release|ARM
		{8967FEBF-CA4D-48AC-8995-371A4D81BCBE}.Release|x64.ActiveCfg = Release|x64
		{8967FEBF-CA4D-48AC-8995-371A4D81BCBE}.Release|x64.Build.0 = Release|x64
		{8967FEBF-CA4D-48AC-8995-371A4D81BCBE}.Release|x86.ActiveCfg = Release|x86
		{8967FEBF-CA4D-48AC-8995-371A4D81BCBE}.Release|x86.Build.0 = Release|x86
		{EC71F594-7EB8-4758-9570-D57DDD6012A5}.Debug|ARM.ActiveCfg = Debug|ARM
		{EC71F594-7EB8-4758-9570-D57DDD6012A5}.Debug|ARM.Build.0 = Debug|ARM
		{EC71F594-7EB8-4758-9570-D57DDD6012A5}.Debug|x64.ActiveCfg = Debug|x64
		{EC71F594-7EB8-4758-9570-D57DDD6012A5}.Debug|x64.Build.0 = Debug|x64
		{EC71F594-7EB8-4758-9570-D57DDD6012A5}.Debug|x86.ActiveCfg = Debug|x86
		{EC71F594-7EB8-4758-9570-D57DDD6012A5}.Debug|x86.Build.0 = Debug|x86
		{EC71F594-7EB8-4758-9570-D57DDD6012A5}.Release|ARM.ActiveCfg = Release|ARM
		{EC71F594-7EB8-4758-9570-D57DDD6012A5}.Release|ARM.Build.0 = Release|ARM
		{EC71F594-7EB8-4758-9570-D57DDD6012A5}.Release|x64.ActiveCfg = Release|x64
		{EC71F594-7EB8-4758-9570-D57DDD6012A5}.Release|x64.Build.0 = Release|x64
		{EC71F594-7EB8-4758-9570-D57DDD6012A5}.Release|x86.ActiveCfg = Release|x86
		{EC71F594-7EB8-4758-9570-D57DDD6012A5}.Release|x86.Build.0 = Release|x86
		{3028D7E3-CE47-491B-BAD0-3D4B626D32F8}.Debug|ARM.ActiveCfg = Debug|ARM
		{3028D7E3-CE47-491B-BAD0-3D4B626D32F8}.Debug|ARM.Build.0 = Debug|ARM
		{3028D7E3-CE47-491B-BAD0-3D4B626D32F8}.Debug|x64.ActiveCfg = Debug|x64
		{3028D7E3-CE47-491B-BAD0-3D4B626D32F8}.Debug|x64.Build.0 = Debug|x64
		{3028D7E3-CE47-491B-BAD0-3D4B626D32F8}.Debug|x86.ActiveCfg = Debug|x86
		{3028D7E3-CE47-491B-BAD0-3D4B626D32F8}.Debug|x86.Build.0 = Debug|x86
		{3028D7E3-CE47-491B-BAD0-3D4B626D32F8}.Release|ARM.ActiveCfg = Release|ARM
		{3028D7E3-CE47-491B-BAD0-3D4B626D32F8}.Release|ARM.Build.0 = Release|ARM
		{3028D7E3-CE47-491B-BAD0-3D4B626D32F8}.Release|x64.ActiveCfg = Release|x64
		{3028D7E3-CE47-491B-BAD0-3D4B626D32F8}.Release|x64.Build.0 = Release|x64
		{3028D7E3-CE47-491B-BAD0-3D4B626D32F8}.Release|x86.ActiveCfg = Release|x86
		{3028D7E3-CE47-491B-BAD0-3D4B626D32F8}.Release|x86.Build.0 = Release|x86
		{575EC26A-FEC9-4D4A-8476-1FF33107D1AE}.Debug|ARM.ActiveCfg = Debug|ARM
		{575EC26A-FEC9-4D4A-8476-1FF33107D1AE}.Debug|ARM.Build.0 = Debug|ARM
		{575EC26A-FEC9-4D4A-8476-1FF33107D1AE}.Debug|x64.ActiveCfg = Debug|x64
		{575EC26A-FEC9-4D4A-8476-1FF33107D1AE}.Debug|x64.Build.0 = Debug|x64
		{575EC26A-FEC9-4D4A-8476-1FF33107D1AE}.Debug|x86.ActiveCfg = Debug|x86
		{575EC26A-FEC9-4D4A-8476-1FF33107D1AE}.Debug|x86.Build.0 = Debug|x86
		{575EC26A-FEC9-4D4A-8476-1FF33107D1AE}.Release|ARM.ActiveCfg = Release|ARM
		{575EC26A-FEC9-4D4A-8476-1FF33107D1AE}.Release|ARM.Build.0 = Release|ARM
		{575EC26A-FEC9-4D4A-8476-1FF33107D1AE}.Release|x64.ActiveCfg = Release|x64
		{575EC26A-FEC9-4D4A-8476-1FF33107D1AE}.Release|x64.Build.0 = Release|x64
		{575EC26A-FEC9-4D4A-8476-1FF33107D1AE}.Release|x86.ActiveCfg = Release|x86
		{575EC26A-FEC9-4D4A-8476-1FF33107D1AE}.Release|x86.Build.0 = Release|x86
		{B6E960AE-F503-4E76-8317-6A54BEE839B2}.Debug|ARM.ActiveCfg = Debug|ARM
		{B6E960AE-F503-4E76-8317-6A54BEE839B2}.Debug|ARM.Build.0 = Debug|ARM
		{B6E960AE-F503-4E76-8317-6A54BEE839B2}.Debug|x64.ActiveCfg = Debug|x64
		{B6E960AE-F503-4E76-8317-6A54BEE839B2}.Debug|x64.Build.0 = Debug|x64
		{B6E960AE-F503-4E76-8317-6A54BEE839B2}.Debug|x86.ActiveCfg = Debug|x86
		{B6E960AE-F503-4E76-8317-6A54BEE839B2}.Debug|x86.Build.0 = Debug|x86
		{B6E960AE-F503-4E76-8317-6A54BEE839B2}.Release|ARM.ActiveCfg = Release|ARM
		{B6E960AE-F503-4E76-8317-6A54BEE839B2}.Release|ARM.Build.0 = Release|ARM
		{B6E960AE-F503-4E76-8317-6A54BEE839B2}.Release|x64.ActiveCfg = Release|x64
		{B6E960AE-F503-4E76-8317-6A54BEE839B2}.Release|x64.Build.0 = Release|x64
		{B6E960AE-F503-4E76-8317-6A54BEE839B2}.Release|x86.ActiveCfg = Release|x86
		{B6E960AE-F503-4E76-8317-6A54BEE839B2}.Release|x86.Build.0 = Release|x86
		{031C8482-F6D9-433B-8869-CAD3479E4009}.Debug|ARM.ActiveCfg = Debug|ARM
		{031C8482-F6D9-433B-8869-CAD3479E4009}.Debug|ARM.Build.0 = Debug|ARM
		{031C8482-F6D9-433B-8869-CAD3479E4009}.Debug|x64.ActiveCfg = Debug|x64
		{031C8482-F6D9-433B-8869-CAD3479E4009}.Debug|x64.Build.0 = Debug|x64
		{031C8482-F6D9-433B-8869-CAD3479E4009}.Debug|x86.ActiveCfg = Debug|x86
		{031C8482-F6D9-433B-8869-CAD3479E4009}.Debug|x86.Build.0 = Debug|x86
		{031C8482-F6D9-433B-8869-CAD3479E4009}.Release|ARM.ActiveCfg = Release|ARM
		{031C8482-F6D9-433B-8869-CAD3479E4009}.Release|ARM.Build.0 = Release|ARM
		{031C8482-F6D9-433B-8869-CAD3479E4009}.Release|x64.ActiveCfg = Release|x64
		{031C8482-F6D9-433B-8869-CAD3479E4009}.Release|x64.Build.0 = Release|x64
		{031C8482-F6D9-433B-8869-CAD3479E4009}.Release|x86.ActiveCfg = Release|x86
		{031C8482-F6D9-433B-8869-CAD3479E4009}.Release|x86.Build.0 = Release|x86
		{2D8F6764-2747-474A-BD0A-BE057F15F661}.Debug|ARM.ActiveCfg = Debug|ARM
		{2D8F6764-2747-474A-BD0A-BE057F15F661}.Debug|ARM.Build.0 = Debug|ARM
		{2D8F6764-2747-474A-BD0A-BE057F15F661}.Debug|x64.ActiveCfg = Debug|x64
		{2D8F6764-2747-474A-BD0A-BE057F15F661}.Debug|x64.Build.0 = Debug|x64
		{2D8F6764-2747-474A-BD0A-BE057F15F661}.Debug|x86.ActiveCfg = Debug|x86
		{2D8F6764-2747-474A-BD0A-BE057F15F661}.Debug|x86.Build.0 = Debug|x86
		{2D8F6764-2747-474A-BD0A-BE057F15F661}.Release|ARM.ActiveCfg = Release|ARM
		{2D8F6764-2747-474A-BD0A-BE057F15F661}.Release|ARM.Build.0 = Release|ARM
		{2D8F6764-2747-474A-BD0A-BE057F15F661}.Release|x64.ActiveCfg = Release|x64
		{2D8F6764-2747-474A-BD0A-BE057F15F661}.Release|x64.Build.0 = Release|x64
		{2D8F6764-2747-474A-BD0A-BE057F15F661}.Release|x86.ActiveCfg = Release|x86
		{2D8F6764-2747-474A-BD0A-BE057F15F661}.Release|x86.Build.0 = Release|x86
	EndGlobalSection
	GlobalSection(SolutionProperties) = preSolution
		HideSolutionNode = FALSE
	EndGlobalSection
	GlobalSection(NestedProjects) = preSolution
		{B6E960AE-F503-4E76-8317-6A54BEE839B2} = {B9C5DD4A-2FEA-43B3-A7B1-9EB0D4AE6272}
		{031C8482-F6D9-433B-8869-CAD3479E4009} = {B9C5DD4A-2FEA-43B3-A7B1-9EB0D4AE6272}
	EndGlobalSection
	GlobalSection(ExtensibilityGlobals) = postSolution
		SolutionGuid = {3832DE91-DE55-46E8-862C-01D9B7F9860C}
	EndGlobalSection
EndGlobal
