<?xml version="1.0" encoding="utf-8"?>
<Project ToolsVersion="4.0" xmlns="http://schemas.microsoft.com/developer/msbuild/2003">
  <ItemGroup>
    <Filter Include="Source Files">
      <UniqueIdentifier>{4FC737F1-C7A5-4376-A066-2A32D752A2FF}</UniqueIdentifier>
      <Extensions>cpp;c;cc;cxx;def;odl;idl;hpj;bat;asm;asmx</Extensions>
    </Filter>
    <Filter Include="Header Files">
      <UniqueIdentifier>{93995380-89BD-4b04-88EB-625FBE52EBFB}</UniqueIdentifier>
      <Extensions>h;hpp;hxx;hm;inl;inc;xsd</Extensions>
    </Filter>
    <Filter Include="Resource Files">
      <UniqueIdentifier>{67DA6AB6-F800-4c08-8B7A-83BB121AAD01}</UniqueIdentifier>
      <Extensions>rc;ico;cur;bmp;dlg;rc2;rct;bin;rgs;gif;jpg;jpeg;jpe;resx;tiff;tif;png;wav;mfcribbon-ms</Extensions>
    </Filter>
  </ItemGroup>
  <ItemGroup>
    <None Include="..\..\..\template\src\safevalue.inl">
      <Filter>Header Files</Filter>
    </None>
    <None Include="..\..\..\template\src\smartpointer.inl">
      <Filter>Header Files</Filter>
    </None>
    <None Include="..\..\..\template\src\tmap.inl">
      <Filter>Header Files</Filter>
    </None>
    <None Include="..\..\..\template\src\tridimension.inl">
      <Filter>Header Files</Filter>
    </None>
    <None Include="..\..\..\template\src\array.inl">
      <Filter>Header Files</Filter>
    </None>
    <None Include="..\..\..\template\src\array2d.inl">
      <Filter>Header Files</Filter>
    </None>
    <None Include="..\..\..\template\src\arraymap.inl">
      <Filter>Header Files</Filter>
    </None>
    <None Include="..\..\..\template\src\collectpool.inl">
      <Filter>Header Files</Filter>
    </None>
    <None Include="..\..\..\template\src\delist.inl">
      <Filter>Header Files</Filter>
    </None>
    <None Include="..\..\..\template\src\depthqueue.inl">
      <Filter>Header Files</Filter>
    </None>
    <None Include="..\..\..\template\src\dynarray.inl">
      <Filter>Header Files</Filter>
    </None>
    <None Include="..\..\..\template\src\grid.inl">
      <Filter>Header Files</Filter>
    </None>
    <None Include="..\..\..\template\src\mesh.inl">
      <Filter>Header Files</Filter>
    </None>
    <None Include="..\..\..\template\src\ptrdlist.inl">
      <Filter>Header Files</Filter>
    </None>
    <None Include="..\..\..\template\src\rndbox.inl">
      <Filter>Header Files</Filter>
    </None>
    <None Include="..\..\..\template\src\vmapl.inl">
      <Filter>Header Files</Filter>
    </None>
    <None Include="..\..\..\template\src\catalog.inl">
      <Filter>Header Files</Filter>
    </None>
  </ItemGroup>
  <ItemGroup>
    <ClCompile Include="..\..\..\template\src\template.cpp">
      <Filter>Source Files</Filter>
    </ClCompile>
  </ItemGroup>
  <ItemGroup>
    <Text Include="..\..\..\template\readme.txt" />
  </ItemGroup>
  <ItemGroup>
    <ClInclude Include="..\..\..\template\project.h" />
  </ItemGroup>
</Project>