<?xml version="1.0" encoding="utf-8"?>
<Project ToolsVersion="4.0" xmlns="http://schemas.microsoft.com/developer/msbuild/2003">
  <ItemGroup>
    <Filter Include="Header Files">
      <UniqueIdentifier>{f6c2f062-3087-45ec-b45b-3c0ae92a00bd}</UniqueIdentifier>
    </Filter>
    <Filter Include="Source Files">
      <UniqueIdentifier>{01399149-243d-4bd2-a4d0-64f9a2f31f56}</UniqueIdentifier>
    </Filter>
    <Filter Include="zip">
      <UniqueIdentifier>{752e708b-5dd2-4971-98e3-7349f4692358}</UniqueIdentifier>
    </Filter>
    <Filter Include="00%29 configure">
      <UniqueIdentifier>{307a31e9-15d6-423b-84ef-4405b17057d0}</UniqueIdentifier>
    </Filter>
  </ItemGroup>
  <ItemGroup>
    <ClInclude Include="src\pf-ziplib.h">
      <Filter>Header Files</Filter>
    </ClInclude>
    <ClInclude Include="project.h">
      <Filter>00%29 configure</Filter>
    </ClInclude>
    <ClInclude Include="src\zlib\zlib.h">
      <Filter>zip</Filter>
    </ClInclude>
    <ClInclude Include="src\zlib\zutil.h">
      <Filter>zip</Filter>
    </ClInclude>
    <ClInclude Include="src\zlib\crc32.h">
      <Filter>zip</Filter>
    </ClInclude>
    <ClInclude Include="src\zlib\deflate.h">
      <Filter>zip</Filter>
    </ClInclude>
    <ClInclude Include="src\zlib\gzguts.h">
      <Filter>zip</Filter>
    </ClInclude>
    <ClInclude Include="src\zlib\inffast.h">
      <Filter>zip</Filter>
    </ClInclude>
    <ClInclude Include="src\zlib\inffixed.h">
      <Filter>zip</Filter>
    </ClInclude>
    <ClInclude Include="src\zlib\inflate.h">
      <Filter>zip</Filter>
    </ClInclude>
    <ClInclude Include="src\zlib\inftrees.h">
      <Filter>zip</Filter>
    </ClInclude>
    <ClInclude Include="src\zlib\trees.h">
      <Filter>zip</Filter>
    </ClInclude>
    <ClInclude Include="src\zlib\zconf.h">
      <Filter>zip</Filter>
    </ClInclude>
  </ItemGroup>
  <ItemGroup>
    <ClCompile Include="src\pf-ziplib.cpp">
      <Filter>Source Files</Filter>
    </ClCompile>
    <ClCompile Include="src\zlib\zutil.c">
      <Filter>zip</Filter>
    </ClCompile>
    <ClCompile Include="src\zlib\adler32.c">
      <Filter>zip</Filter>
    </ClCompile>
    <ClCompile Include="src\zlib\compress.c">
      <Filter>zip</Filter>
    </ClCompile>
    <ClCompile Include="src\zlib\crc32.c">
      <Filter>zip</Filter>
    </ClCompile>
    <ClCompile Include="src\zlib\deflate.c">
      <Filter>zip</Filter>
    </ClCompile>
    <ClCompile Include="src\zlib\gzclose.c">
      <Filter>zip</Filter>
    </ClCompile>
    <ClCompile Include="src\zlib\gzlib.c">
      <Filter>zip</Filter>
    </ClCompile>
    <ClCompile Include="src\zlib\gzread.c">
      <Filter>zip</Filter>
    </ClCompile>
    <ClCompile Include="src\zlib\gzwrite.c">
      <Filter>zip</Filter>
    </ClCompile>
    <ClCompile Include="src\zlib\infback.c">
      <Filter>zip</Filter>
    </ClCompile>
    <ClCompile Include="src\zlib\inffast.c">
      <Filter>zip</Filter>
    </ClCompile>
    <ClCompile Include="src\zlib\inflate.c">
      <Filter>zip</Filter>
    </ClCompile>
    <ClCompile Include="src\zlib\inftrees.c">
      <Filter>zip</Filter>
    </ClCompile>
    <ClCompile Include="src\zlib\trees.c">
      <Filter>zip</Filter>
    </ClCompile>
    <ClCompile Include="src\zlib\uncompr.c">
      <Filter>zip</Filter>
    </ClCompile>
  </ItemGroup>
  <ItemGroup>
    <Text Include="readme.txt">
      <Filter>00%29 configure</Filter>
    </Text>
  </ItemGroup>
  <ItemGroup>
    <None Include="build_linux.sh">
      <Filter>00%29 configure</Filter>
    </None>
  </ItemGroup>
</Project>