Microsoft Visual Studio Solution File, Format Version 12.00
# Visual Studio 15
VisualStudioVersion = 15.0.27130.2010
MinimumVisualStudioVersion = 10.0.40219.1
Project("{8BC9CEB8-8B4A-11D0-8D11-00A0C91BC942}") = "vmcengine", "vmcengine\vmcengine.msvc_windows.vcxproj", "{75FF8328-E7A7-4669-A985-1A89CB702C29}"
	ProjectSection(ProjectDependencies) = postProject
		{7DA02505-49D1-40F3-9E11-158A39491B39} = {7DA02505-49D1-40F3-9E11-158A39491B39}
		{EE87C290-C30B-4681-AA77-ADE8A7EBCF5C} = {EE87C290-C30B-4681-AA77-ADE8A7EBCF5C}
		{D9BB15DD-FE28-4781-9759-D762CEEEFBB4} = {D9BB15DD-FE28-4781-9759-D762CEEEFBB4}
		{0B8A40E3-1D05-40EA-A49B-6CC3B2CA8227} = {0B8A40E3-1D05-40EA-A49B-6CC3B2CA8227}
	EndProjectSection
EndProject
Project("{8BC9CEB8-8B4A-11D0-8D11-00A0C91BC942}") = "world2d", "world2d\world2d.msvc_windows.vcxproj", "{5A6FE12B-B721-4C10-B575-FE9065814623}"
	ProjectSection(ProjectDependencies) = postProject
		{7DA02505-49D1-40F3-9E11-158A39491B39} = {7DA02505-49D1-40F3-9E11-158A39491B39}
		{75FF8328-E7A7-4669-A985-1A89CB702C29} = {75FF8328-E7A7-4669-A985-1A89CB702C29}
		{CC64E458-2494-4C24-BA85-718835E63162} = {CC64E458-2494-4C24-BA85-718835E63162}
		{30A203A8-8CA0-4C43-A71E-0BDF8E3FD86A} = {30A203A8-8CA0-4C43-A71E-0BDF8E3FD86A}
		{0B8A40E3-1D05-40EA-A49B-6CC3B2CA8227} = {0B8A40E3-1D05-40EA-A49B-6CC3B2CA8227}
	EndProjectSection
EndProject
Project("{8BC9CEB8-8B4A-11D0-8D11-00A0C91BC942}") = "imagehelper", "imagehelper\imagehelper.msvc_windows.vcxproj", "{1508262E-2992-4A95-9347-6494F9E7971B}"
	ProjectSection(ProjectDependencies) = postProject
		{75FF8328-E7A7-4669-A985-1A89CB702C29} = {75FF8328-E7A7-4669-A985-1A89CB702C29}
		{5A6FE12B-B721-4C10-B575-FE9065814623} = {5A6FE12B-B721-4C10-B575-FE9065814623}
		{0B8A40E3-1D05-40EA-A49B-6CC3B2CA8227} = {0B8A40E3-1D05-40EA-A49B-6CC3B2CA8227}
	EndProjectSection
EndProject
Project("{8BC9CEB8-8B4A-11D0-8D11-00A0C91BC942}") = "painter", "painter\painter.msvc_windows.vcxproj", "{8A784F31-1145-437C-B141-66FF79D8E0C8}"
	ProjectSection(ProjectDependencies) = postProject
		{0B8A40E3-1D05-40EA-A49B-6CC3B2CA8227} = {0B8A40E3-1D05-40EA-A49B-6CC3B2CA8227}
	EndProjectSection
EndProject
Project("{8BC9CEB8-8B4A-11D0-8D11-00A0C91BC942}") = "algorithmic", "algorithmic\algorithmic.msvc_windows.vcxproj", "{30A203A8-8CA0-4C43-A71E-0BDF8E3FD86A}"
	ProjectSection(ProjectDependencies) = postProject
		{0B8A40E3-1D05-40EA-A49B-6CC3B2CA8227} = {0B8A40E3-1D05-40EA-A49B-6CC3B2CA8227}
	EndProjectSection
EndProject
Project("{8BC9CEB8-8B4A-11D0-8D11-00A0C91BC942}") = "template", "template\template.msvc_windows.vcxproj", "{47F90FEA-FAF5-48D4-9084-55A895449F5E}"
EndProject
Project("{8BC9CEB8-8B4A-11D0-8D11-00A0C91BC942}") = "parser", "parser\parser.msvc_windows.vcxproj", "{CC64E458-2494-4C24-BA85-718835E63162}"
	ProjectSection(ProjectDependencies) = postProject
		{7DA02505-49D1-40F3-9E11-158A39491B39} = {7DA02505-49D1-40F3-9E11-158A39491B39}
		{47F90FEA-FAF5-48D4-9084-55A895449F5E} = {47F90FEA-FAF5-48D4-9084-55A895449F5E}
	EndProjectSection
EndProject
Project("{2150E333-8FDC-42A3-9474-1A3956D46DE8}") = "game", "game", "{47E03CB3-04C8-4FD4-9970-D44C1FC3F5C5}"
EndProject
Project("{8BC9CEB8-8B4A-11D0-8D11-00A0C91BC942}") = "media", "media\media.msvc_windows.vcxproj", "{1DA41941-C67B-423D-AB69-066A90E8C6D9}"
	ProjectSection(ProjectDependencies) = postProject
		{0B8A40E3-1D05-40EA-A49B-6CC3B2CA8227} = {0B8A40E3-1D05-40EA-A49B-6CC3B2CA8227}
	EndProjectSection
EndProject
Project("{8BC9CEB8-8B4A-11D0-8D11-00A0C91BC942}") = "utility", "utility\utility.msvc_windows.vcxproj", "{0B8A40E3-1D05-40EA-A49B-6CC3B2CA8227}"
EndProject
Project("{8BC9CEB8-8B4A-11D0-8D11-00A0C91BC942}") = "window", "window\window.msvc_windows.vcxproj", "{EE87C290-C30B-4681-AA77-ADE8A7EBCF5C}"
	ProjectSection(ProjectDependencies) = postProject
		{0B8A40E3-1D05-40EA-A49B-6CC3B2CA8227} = {0B8A40E3-1D05-40EA-A49B-6CC3B2CA8227}
	EndProjectSection
EndProject
Project("{8BC9CEB8-8B4A-11D0-8D11-00A0C91BC942}") = "ziplib", "ziplib\ziplib.msvc_windows.vcxproj", "{D9BB15DD-FE28-4781-9759-D762CEEEFBB4}"
	ProjectSection(ProjectDependencies) = postProject
		{0B8A40E3-1D05-40EA-A49B-6CC3B2CA8227} = {0B8A40E3-1D05-40EA-A49B-6CC3B2CA8227}
	EndProjectSection
EndProject
Project("{8BC9CEB8-8B4A-11D0-8D11-00A0C91BC942}") = "netsocket", "netsocket\netsocket.msvc_windows.vcxproj", "{C63716F5-2BAB-49EE-87F9-92D15BAC8B97}"
	ProjectSection(ProjectDependencies) = postProject
		{0B8A40E3-1D05-40EA-A49B-6CC3B2CA8227} = {0B8A40E3-1D05-40EA-A49B-6CC3B2CA8227}
		{47F90FEA-FAF5-48D4-9084-55A895449F5E} = {47F90FEA-FAF5-48D4-9084-55A895449F5E}
	EndProjectSection
EndProject
Project("{8BC9CEB8-8B4A-11D0-8D11-00A0C91BC942}") = "xdatabase", "xdatabase\xdatabase.msvc_windows.vcxproj", "{70108A4D-7CF5-45D7-9BFD-250A68944B98}"
EndProject
Project("{8BC9CEB8-8B4A-11D0-8D11-00A0C91BC942}") = "helper", "helper\helper.msvc_windows.vcxproj", "{D755224D-B02C-43C8-8ED4-F5E2B3782576}"
	ProjectSection(ProjectDependencies) = postProject
		{7DA02505-49D1-40F3-9E11-158A39491B39} = {7DA02505-49D1-40F3-9E11-158A39491B39}
		{0B8A40E3-1D05-40EA-A49B-6CC3B2CA8227} = {0B8A40E3-1D05-40EA-A49B-6CC3B2CA8227}
		{C63716F5-2BAB-49EE-87F9-92D15BAC8B97} = {C63716F5-2BAB-49EE-87F9-92D15BAC8B97}
	EndProjectSection
EndProject
Project("{8BC9CEB8-8B4A-11D0-8D11-00A0C91BC942}") = "gadget", "gadget\gadget.msvc_windows.vcxproj", "{7DA02505-49D1-40F3-9E11-158A39491B39}"
	ProjectSection(ProjectDependencies) = postProject
		{30A203A8-8CA0-4C43-A71E-0BDF8E3FD86A} = {30A203A8-8CA0-4C43-A71E-0BDF8E3FD86A}
		{0B8A40E3-1D05-40EA-A49B-6CC3B2CA8227} = {0B8A40E3-1D05-40EA-A49B-6CC3B2CA8227}
		{47F90FEA-FAF5-48D4-9084-55A895449F5E} = {47F90FEA-FAF5-48D4-9084-55A895449F5E}
	EndProjectSection
EndProject
Project("{2150E333-8FDC-42A3-9474-1A3956D46DE8}") = "graphic", "graphic", "{D01E2DCA-E1BE-44E4-B015-4B7F2B670416}"
EndProject
Project("{2150E333-8FDC-42A3-9474-1A3956D46DE8}") = "network", "network", "{21445700-B26F-4F23-8EC6-87AE218CFE33}"
EndProject
Project("{8BC9CEB8-8B4A-11D0-8D11-00A0C91BC942}") = "sdkbundle", "sdkbundle\sdkbundle.msvc_windows.vcxproj", "{02432091-D7BE-4956-BB4E-2F2E46EA821F}"
	ProjectSection(ProjectDependencies) = postProject
		{5A6FE12B-B721-4C10-B575-FE9065814623} = {5A6FE12B-B721-4C10-B575-FE9065814623}
		{1508262E-2992-4A95-9347-6494F9E7971B} = {1508262E-2992-4A95-9347-6494F9E7971B}
		{8A784F31-1145-437C-B141-66FF79D8E0C8} = {8A784F31-1145-437C-B141-66FF79D8E0C8}
		{1DA41941-C67B-423D-AB69-066A90E8C6D9} = {1DA41941-C67B-423D-AB69-066A90E8C6D9}
		{EE87C290-C30B-4681-AA77-ADE8A7EBCF5C} = {EE87C290-C30B-4681-AA77-ADE8A7EBCF5C}
		{D9BB15DD-FE28-4781-9759-D762CEEEFBB4} = {D9BB15DD-FE28-4781-9759-D762CEEEFBB4}
		{0B8A40E3-1D05-40EA-A49B-6CC3B2CA8227} = {0B8A40E3-1D05-40EA-A49B-6CC3B2CA8227}
		{388302F0-306E-4F0F-A55E-EC9096F372D0} = {388302F0-306E-4F0F-A55E-EC9096F372D0}
	EndProjectSection
EndProject
Project("{8BC9CEB8-8B4A-11D0-8D11-00A0C91BC942}") = "cyberspace_server", "cyberspace\cyberspace_server.msvc_windows.vcxproj", "{388302F0-306E-4F0F-A55E-EC9096F372D0}"
	ProjectSection(ProjectDependencies) = postProject
		{70108A4D-7CF5-45D7-9BFD-250A68944B98} = {70108A4D-7CF5-45D7-9BFD-250A68944B98}
		{D9BB15DD-FE28-4781-9759-D762CEEEFBB4} = {D9BB15DD-FE28-4781-9759-D762CEEEFBB4}
	EndProjectSection
EndProject
Global
	GlobalSection(SolutionConfigurationPlatforms) = preSolution
		Debug_Unicode|x64 = Debug_Unicode|x64
		Debug_Unicode|x86 = Debug_Unicode|x86
		Debug|x64 = Debug|x64
		Debug|x86 = Debug|x86
		Release_Unicode|x64 = Release_Unicode|x64
		Release_Unicode|x86 = Release_Unicode|x86
		Release|x64 = Release|x64
		Release|x86 = Release|x86
	EndGlobalSection
	GlobalSection(ProjectConfigurationPlatforms) = postSolution
		{75FF8328-E7A7-4669-A985-1A89CB702C29}.Debug_Unicode|x64.ActiveCfg = Debug|x64
		{75FF8328-E7A7-4669-A985-1A89CB702C29}.Debug_Unicode|x64.Build.0 = Debug|x64
		{75FF8328-E7A7-4669-A985-1A89CB702C29}.Debug_Unicode|x86.ActiveCfg = Debug|Win32
		{75FF8328-E7A7-4669-A985-1A89CB702C29}.Debug_Unicode|x86.Build.0 = Debug|Win32
		{75FF8328-E7A7-4669-A985-1A89CB702C29}.Debug|x64.ActiveCfg = Debug|x64
		{75FF8328-E7A7-4669-A985-1A89CB702C29}.Debug|x64.Build.0 = Debug|x64
		{75FF8328-E7A7-4669-A985-1A89CB702C29}.Debug|x86.ActiveCfg = Debug|Win32
		{75FF8328-E7A7-4669-A985-1A89CB702C29}.Debug|x86.Build.0 = Debug|Win32
		{75FF8328-E7A7-4669-A985-1A89CB702C29}.Release_Unicode|x64.ActiveCfg = Release|x64
		{75FF8328-E7A7-4669-A985-1A89CB702C29}.Release_Unicode|x64.Build.0 = Release|x64
		{75FF8328-E7A7-4669-A985-1A89CB702C29}.Release_Unicode|x86.ActiveCfg = Release|Win32
		{75FF8328-E7A7-4669-A985-1A89CB702C29}.Release_Unicode|x86.Build.0 = Release|Win32
		{75FF8328-E7A7-4669-A985-1A89CB702C29}.Release|x64.ActiveCfg = Release|x64
		{75FF8328-E7A7-4669-A985-1A89CB702C29}.Release|x64.Build.0 = Release|x64
		{75FF8328-E7A7-4669-A985-1A89CB702C29}.Release|x86.ActiveCfg = Release|Win32
		{75FF8328-E7A7-4669-A985-1A89CB702C29}.Release|x86.Build.0 = Release|Win32
		{5A6FE12B-B721-4C10-B575-FE9065814623}.Debug_Unicode|x64.ActiveCfg = Debug|x64
		{5A6FE12B-B721-4C10-B575-FE9065814623}.Debug_Unicode|x64.Build.0 = Debug|x64
		{5A6FE12B-B721-4C10-B575-FE9065814623}.Debug_Unicode|x86.ActiveCfg = Debug|Win32
		{5A6FE12B-B721-4C10-B575-FE9065814623}.Debug_Unicode|x86.Build.0 = Debug|Win32
		{5A6FE12B-B721-4C10-B575-FE9065814623}.Debug|x64.ActiveCfg = Debug|x64
		{5A6FE12B-B721-4C10-B575-FE9065814623}.Debug|x64.Build.0 = Debug|x64
		{5A6FE12B-B721-4C10-B575-FE9065814623}.Debug|x86.ActiveCfg = Debug|Win32
		{5A6FE12B-B721-4C10-B575-FE9065814623}.Debug|x86.Build.0 = Debug|Win32
		{5A6FE12B-B721-4C10-B575-FE9065814623}.Release_Unicode|x64.ActiveCfg = Release|x64
		{5A6FE12B-B721-4C10-B575-FE9065814623}.Release_Unicode|x64.Build.0 = Release|x64
		{5A6FE12B-B721-4C10-B575-FE9065814623}.Release_Unicode|x86.ActiveCfg = Release|Win32
		{5A6FE12B-B721-4C10-B575-FE9065814623}.Release_Unicode|x86.Build.0 = Release|Win32
		{5A6FE12B-B721-4C10-B575-FE9065814623}.Release|x64.ActiveCfg = Release|x64
		{5A6FE12B-B721-4C10-B575-FE9065814623}.Release|x64.Build.0 = Release|x64
		{5A6FE12B-B721-4C10-B575-FE9065814623}.Release|x86.ActiveCfg = Release|Win32
		{5A6FE12B-B721-4C10-B575-FE9065814623}.Release|x86.Build.0 = Release|Win32
		{1508262E-2992-4A95-9347-6494F9E7971B}.Debug_Unicode|x64.ActiveCfg = Debug|x64
		{1508262E-2992-4A95-9347-6494F9E7971B}.Debug_Unicode|x64.Build.0 = Debug|x64
		{1508262E-2992-4A95-9347-6494F9E7971B}.Debug_Unicode|x86.ActiveCfg = Debug|Win32
		{1508262E-2992-4A95-9347-6494F9E7971B}.Debug_Unicode|x86.Build.0 = Debug|Win32
		{1508262E-2992-4A95-9347-6494F9E7971B}.Debug|x64.ActiveCfg = Debug|x64
		{1508262E-2992-4A95-9347-6494F9E7971B}.Debug|x64.Build.0 = Debug|x64
		{1508262E-2992-4A95-9347-6494F9E7971B}.Debug|x86.ActiveCfg = Debug|Win32
		{1508262E-2992-4A95-9347-6494F9E7971B}.Debug|x86.Build.0 = Debug|Win32
		{1508262E-2992-4A95-9347-6494F9E7971B}.Release_Unicode|x64.ActiveCfg = Release|x64
		{1508262E-2992-4A95-9347-6494F9E7971B}.Release_Unicode|x64.Build.0 = Release|x64
		{1508262E-2992-4A95-9347-6494F9E7971B}.Release_Unicode|x86.ActiveCfg = Release|Win32
		{1508262E-2992-4A95-9347-6494F9E7971B}.Release_Unicode|x86.Build.0 = Release|Win32
		{1508262E-2992-4A95-9347-6494F9E7971B}.Release|x64.ActiveCfg = Release|x64
		{1508262E-2992-4A95-9347-6494F9E7971B}.Release|x64.Build.0 = Release|x64
		{1508262E-2992-4A95-9347-6494F9E7971B}.Release|x86.ActiveCfg = Release|Win32
		{1508262E-2992-4A95-9347-6494F9E7971B}.Release|x86.Build.0 = Release|Win32
		{8A784F31-1145-437C-B141-66FF79D8E0C8}.Debug_Unicode|x64.ActiveCfg = Debug|x64
		{8A784F31-1145-437C-B141-66FF79D8E0C8}.Debug_Unicode|x64.Build.0 = Debug|x64
		{8A784F31-1145-437C-B141-66FF79D8E0C8}.Debug_Unicode|x86.ActiveCfg = Debug|Win32
		{8A784F31-1145-437C-B141-66FF79D8E0C8}.Debug_Unicode|x86.Build.0 = Debug|Win32
		{8A784F31-1145-437C-B141-66FF79D8E0C8}.Debug|x64.ActiveCfg = Debug|x64
		{8A784F31-1145-437C-B141-66FF79D8E0C8}.Debug|x64.Build.0 = Debug|x64
		{8A784F31-1145-437C-B141-66FF79D8E0C8}.Debug|x86.ActiveCfg = Debug|Win32
		{8A784F31-1145-437C-B141-66FF79D8E0C8}.Debug|x86.Build.0 = Debug|Win32
		{8A784F31-1145-437C-B141-66FF79D8E0C8}.Release_Unicode|x64.ActiveCfg = Release|x64
		{8A784F31-1145-437C-B141-66FF79D8E0C8}.Release_Unicode|x64.Build.0 = Release|x64
		{8A784F31-1145-437C-B141-66FF79D8E0C8}.Release_Unicode|x86.ActiveCfg = Release|Win32
		{8A784F31-1145-437C-B141-66FF79D8E0C8}.Release_Unicode|x86.Build.0 = Release|Win32
		{8A784F31-1145-437C-B141-66FF79D8E0C8}.Release|x64.ActiveCfg = Release|x64
		{8A784F31-1145-437C-B141-66FF79D8E0C8}.Release|x64.Build.0 = Release|x64
		{8A784F31-1145-437C-B141-66FF79D8E0C8}.Release|x86.ActiveCfg = Release|Win32
		{8A784F31-1145-437C-B141-66FF79D8E0C8}.Release|x86.Build.0 = Release|Win32
		{30A203A8-8CA0-4C43-A71E-0BDF8E3FD86A}.Debug_Unicode|x64.ActiveCfg = Debug|x64
		{30A203A8-8CA0-4C43-A71E-0BDF8E3FD86A}.Debug_Unicode|x64.Build.0 = Debug|x64
		{30A203A8-8CA0-4C43-A71E-0BDF8E3FD86A}.Debug_Unicode|x86.ActiveCfg = Debug|Win32
		{30A203A8-8CA0-4C43-A71E-0BDF8E3FD86A}.Debug_Unicode|x86.Build.0 = Debug|Win32
		{30A203A8-8CA0-4C43-A71E-0BDF8E3FD86A}.Debug|x64.ActiveCfg = Debug|x64
		{30A203A8-8CA0-4C43-A71E-0BDF8E3FD86A}.Debug|x64.Build.0 = Debug|x64
		{30A203A8-8CA0-4C43-A71E-0BDF8E3FD86A}.Debug|x86.ActiveCfg = Debug|Win32
		{30A203A8-8CA0-4C43-A71E-0BDF8E3FD86A}.Debug|x86.Build.0 = Debug|Win32
		{30A203A8-8CA0-4C43-A71E-0BDF8E3FD86A}.Release_Unicode|x64.ActiveCfg = Release|x64
		{30A203A8-8CA0-4C43-A71E-0BDF8E3FD86A}.Release_Unicode|x64.Build.0 = Release|x64
		{30A203A8-8CA0-4C43-A71E-0BDF8E3FD86A}.Release_Unicode|x86.ActiveCfg = Release|Win32
		{30A203A8-8CA0-4C43-A71E-0BDF8E3FD86A}.Release_Unicode|x86.Build.0 = Release|Win32
		{30A203A8-8CA0-4C43-A71E-0BDF8E3FD86A}.Release|x64.ActiveCfg = Release|x64
		{30A203A8-8CA0-4C43-A71E-0BDF8E3FD86A}.Release|x64.Build.0 = Release|x64
		{30A203A8-8CA0-4C43-A71E-0BDF8E3FD86A}.Release|x86.ActiveCfg = Release|Win32
		{30A203A8-8CA0-4C43-A71E-0BDF8E3FD86A}.Release|x86.Build.0 = Release|Win32
		{47F90FEA-FAF5-48D4-9084-55A895449F5E}.Debug_Unicode|x64.ActiveCfg = Debug|x64
		{47F90FEA-FAF5-48D4-9084-55A895449F5E}.Debug_Unicode|x64.Build.0 = Debug|x64
		{47F90FEA-FAF5-48D4-9084-55A895449F5E}.Debug_Unicode|x86.ActiveCfg = Debug|Win32
		{47F90FEA-FAF5-48D4-9084-55A895449F5E}.Debug_Unicode|x86.Build.0 = Debug|Win32
		{47F90FEA-FAF5-48D4-9084-55A895449F5E}.Debug|x64.ActiveCfg = Debug|x64
		{47F90FEA-FAF5-48D4-9084-55A895449F5E}.Debug|x64.Build.0 = Debug|x64
		{47F90FEA-FAF5-48D4-9084-55A895449F5E}.Debug|x86.ActiveCfg = Debug|Win32
		{47F90FEA-FAF5-48D4-9084-55A895449F5E}.Debug|x86.Build.0 = Debug|Win32
		{47F90FEA-FAF5-48D4-9084-55A895449F5E}.Release_Unicode|x64.ActiveCfg = Release|x64
		{47F90FEA-FAF5-48D4-9084-55A895449F5E}.Release_Unicode|x64.Build.0 = Release|x64
		{47F90FEA-FAF5-48D4-9084-55A895449F5E}.Release_Unicode|x86.ActiveCfg = Release|Win32
		{47F90FEA-FAF5-48D4-9084-55A895449F5E}.Release_Unicode|x86.Build.0 = Release|Win32
		{47F90FEA-FAF5-48D4-9084-55A895449F5E}.Release|x64.ActiveCfg = Release|x64
		{47F90FEA-FAF5-48D4-9084-55A895449F5E}.Release|x64.Build.0 = Release|x64
		{47F90FEA-FAF5-48D4-9084-55A895449F5E}.Release|x86.ActiveCfg = Release|Win32
		{47F90FEA-FAF5-48D4-9084-55A895449F5E}.Release|x86.Build.0 = Release|Win32
		{CC64E458-2494-4C24-BA85-718835E63162}.Debug_Unicode|x64.ActiveCfg = Debug|x64
		{CC64E458-2494-4C24-BA85-718835E63162}.Debug_Unicode|x64.Build.0 = Debug|x64
		{CC64E458-2494-4C24-BA85-718835E63162}.Debug_Unicode|x86.ActiveCfg = Debug|Win32
		{CC64E458-2494-4C24-BA85-718835E63162}.Debug_Unicode|x86.Build.0 = Debug|Win32
		{CC64E458-2494-4C24-BA85-718835E63162}.Debug|x64.ActiveCfg = Debug|x64
		{CC64E458-2494-4C24-BA85-718835E63162}.Debug|x64.Build.0 = Debug|x64
		{CC64E458-2494-4C24-BA85-718835E63162}.Debug|x86.ActiveCfg = Debug|Win32
		{CC64E458-2494-4C24-BA85-718835E63162}.Debug|x86.Build.0 = Debug|Win32
		{CC64E458-2494-4C24-BA85-718835E63162}.Release_Unicode|x64.ActiveCfg = Release|x64
		{CC64E458-2494-4C24-BA85-718835E63162}.Release_Unicode|x64.Build.0 = Release|x64
		{CC64E458-2494-4C24-BA85-718835E63162}.Release_Unicode|x86.ActiveCfg = Release|Win32
		{CC64E458-2494-4C24-BA85-718835E63162}.Release_Unicode|x86.Build.0 = Release|Win32
		{CC64E458-2494-4C24-BA85-718835E63162}.Release|x64.ActiveCfg = Release|x64
		{CC64E458-2494-4C24-BA85-718835E63162}.Release|x64.Build.0 = Release|x64
		{CC64E458-2494-4C24-BA85-718835E63162}.Release|x86.ActiveCfg = Release|Win32
		{CC64E458-2494-4C24-BA85-718835E63162}.Release|x86.Build.0 = Release|Win32
		{1DA41941-C67B-423D-AB69-066A90E8C6D9}.Debug_Unicode|x64.ActiveCfg = Debug|x64
		{1DA41941-C67B-423D-AB69-066A90E8C6D9}.Debug_Unicode|x64.Build.0 = Debug|x64
		{1DA41941-C67B-423D-AB69-066A90E8C6D9}.Debug_Unicode|x86.ActiveCfg = Debug|Win32
		{1DA41941-C67B-423D-AB69-066A90E8C6D9}.Debug_Unicode|x86.Build.0 = Debug|Win32
		{1DA41941-C67B-423D-AB69-066A90E8C6D9}.Debug|x64.ActiveCfg = Debug|x64
		{1DA41941-C67B-423D-AB69-066A90E8C6D9}.Debug|x64.Build.0 = Debug|x64
		{1DA41941-C67B-423D-AB69-066A90E8C6D9}.Debug|x86.ActiveCfg = Debug|Win32
		{1DA41941-C67B-423D-AB69-066A90E8C6D9}.Debug|x86.Build.0 = Debug|Win32
		{1DA41941-C67B-423D-AB69-066A90E8C6D9}.Release_Unicode|x64.ActiveCfg = Release|x64
		{1DA41941-C67B-423D-AB69-066A90E8C6D9}.Release_Unicode|x64.Build.0 = Release|x64
		{1DA41941-C67B-423D-AB69-066A90E8C6D9}.Release_Unicode|x86.ActiveCfg = Release|Win32
		{1DA41941-C67B-423D-AB69-066A90E8C6D9}.Release_Unicode|x86.Build.0 = Release|Win32
		{1DA41941-C67B-423D-AB69-066A90E8C6D9}.Release|x64.ActiveCfg = Release|x64
		{1DA41941-C67B-423D-AB69-066A90E8C6D9}.Release|x64.Build.0 = Release|x64
		{1DA41941-C67B-423D-AB69-066A90E8C6D9}.Release|x86.ActiveCfg = Release|Win32
		{1DA41941-C67B-423D-AB69-066A90E8C6D9}.Release|x86.Build.0 = Release|Win32
		{0B8A40E3-1D05-40EA-A49B-6CC3B2CA8227}.Debug_Unicode|x64.ActiveCfg = Debug|x64
		{0B8A40E3-1D05-40EA-A49B-6CC3B2CA8227}.Debug_Unicode|x64.Build.0 = Debug|x64
		{0B8A40E3-1D05-40EA-A49B-6CC3B2CA8227}.Debug_Unicode|x64.Deploy.0 = Debug|x64
		{0B8A40E3-1D05-40EA-A49B-6CC3B2CA8227}.Debug_Unicode|x86.ActiveCfg = Debug|Win32
		{0B8A40E3-1D05-40EA-A49B-6CC3B2CA8227}.Debug_Unicode|x86.Build.0 = Debug|Win32
		{0B8A40E3-1D05-40EA-A49B-6CC3B2CA8227}.Debug|x64.ActiveCfg = Debug|x64
		{0B8A40E3-1D05-40EA-A49B-6CC3B2CA8227}.Debug|x64.Build.0 = Debug|x64
		{0B8A40E3-1D05-40EA-A49B-6CC3B2CA8227}.Debug|x86.ActiveCfg = Debug|Win32
		{0B8A40E3-1D05-40EA-A49B-6CC3B2CA8227}.Debug|x86.Build.0 = Debug|Win32
		{0B8A40E3-1D05-40EA-A49B-6CC3B2CA8227}.Release_Unicode|x64.ActiveCfg = Release|x64
		{0B8A40E3-1D05-40EA-A49B-6CC3B2CA8227}.Release_Unicode|x64.Build.0 = Release|x64
		{0B8A40E3-1D05-40EA-A49B-6CC3B2CA8227}.Release_Unicode|x86.ActiveCfg = Release|Win32
		{0B8A40E3-1D05-40EA-A49B-6CC3B2CA8227}.Release_Unicode|x86.Build.0 = Release|Win32
		{0B8A40E3-1D05-40EA-A49B-6CC3B2CA8227}.Release|x64.ActiveCfg = Release|x64
		{0B8A40E3-1D05-40EA-A49B-6CC3B2CA8227}.Release|x64.Build.0 = Release|x64
		{0B8A40E3-1D05-40EA-A49B-6CC3B2CA8227}.Release|x86.ActiveCfg = Release|Win32
		{0B8A40E3-1D05-40EA-A49B-6CC3B2CA8227}.Release|x86.Build.0 = Release|Win32
		{EE87C290-C30B-4681-AA77-ADE8A7EBCF5C}.Debug_Unicode|x64.ActiveCfg = Debug|x64
		{EE87C290-C30B-4681-AA77-ADE8A7EBCF5C}.Debug_Unicode|x64.Build.0 = Debug|x64
		{EE87C290-C30B-4681-AA77-ADE8A7EBCF5C}.Debug_Unicode|x86.ActiveCfg = Debug|Win32
		{EE87C290-C30B-4681-AA77-ADE8A7EBCF5C}.Debug_Unicode|x86.Build.0 = Debug|Win32
		{EE87C290-C30B-4681-AA77-ADE8A7EBCF5C}.Debug|x64.ActiveCfg = Debug|x64
		{EE87C290-C30B-4681-AA77-ADE8A7EBCF5C}.Debug|x64.Build.0 = Debug|x64
		{EE87C290-C30B-4681-AA77-ADE8A7EBCF5C}.Debug|x86.ActiveCfg = Debug|Win32
		{EE87C290-C30B-4681-AA77-ADE8A7EBCF5C}.Debug|x86.Build.0 = Debug|Win32
		{EE87C290-C30B-4681-AA77-ADE8A7EBCF5C}.Release_Unicode|x64.ActiveCfg = Release|x64
		{EE87C290-C30B-4681-AA77-ADE8A7EBCF5C}.Release_Unicode|x64.Build.0 = Release|x64
		{EE87C290-C30B-4681-AA77-ADE8A7EBCF5C}.Release_Unicode|x86.ActiveCfg = Release|Win32
		{EE87C290-C30B-4681-AA77-ADE8A7EBCF5C}.Release_Unicode|x86.Build.0 = Release|Win32
		{EE87C290-C30B-4681-AA77-ADE8A7EBCF5C}.Release|x64.ActiveCfg = Release|x64
		{EE87C290-C30B-4681-AA77-ADE8A7EBCF5C}.Release|x64.Build.0 = Release|x64
		{EE87C290-C30B-4681-AA77-ADE8A7EBCF5C}.Release|x86.ActiveCfg = Release|Win32
		{EE87C290-C30B-4681-AA77-ADE8A7EBCF5C}.Release|x86.Build.0 = Release|Win32
		{D9BB15DD-FE28-4781-9759-D762CEEEFBB4}.Debug_Unicode|x64.ActiveCfg = Debug|x64
		{D9BB15DD-FE28-4781-9759-D762CEEEFBB4}.Debug_Unicode|x64.Build.0 = Debug|x64
		{D9BB15DD-FE28-4781-9759-D762CEEEFBB4}.Debug_Unicode|x86.ActiveCfg = Debug|Win32
		{D9BB15DD-FE28-4781-9759-D762CEEEFBB4}.Debug_Unicode|x86.Build.0 = Debug|Win32
		{D9BB15DD-FE28-4781-9759-D762CEEEFBB4}.Debug|x64.ActiveCfg = Debug|x64
		{D9BB15DD-FE28-4781-9759-D762CEEEFBB4}.Debug|x64.Build.0 = Debug|x64
		{D9BB15DD-FE28-4781-9759-D762CEEEFBB4}.Debug|x86.ActiveCfg = Debug|Win32
		{D9BB15DD-FE28-4781-9759-D762CEEEFBB4}.Debug|x86.Build.0 = Debug|Win32
		{D9BB15DD-FE28-4781-9759-D762CEEEFBB4}.Release_Unicode|x64.ActiveCfg = Release|x64
		{D9BB15DD-FE28-4781-9759-D762CEEEFBB4}.Release_Unicode|x64.Build.0 = Release|x64
		{D9BB15DD-FE28-4781-9759-D762CEEEFBB4}.Release_Unicode|x86.ActiveCfg = Release|Win32
		{D9BB15DD-FE28-4781-9759-D762CEEEFBB4}.Release|x64.ActiveCfg = Release|x64
		{D9BB15DD-FE28-4781-9759-D762CEEEFBB4}.Release|x64.Build.0 = Release|x64
		{D9BB15DD-FE28-4781-9759-D762CEEEFBB4}.Release|x86.ActiveCfg = Release|Win32
		{D9BB15DD-FE28-4781-9759-D762CEEEFBB4}.Release|x86.Build.0 = Release|Win32
		{C63716F5-2BAB-49EE-87F9-92D15BAC8B97}.Debug_Unicode|x64.ActiveCfg = Debug|x64
		{C63716F5-2BAB-49EE-87F9-92D15BAC8B97}.Debug_Unicode|x64.Build.0 = Debug|x64
		{C63716F5-2BAB-49EE-87F9-92D15BAC8B97}.Debug_Unicode|x86.ActiveCfg = Debug|Win32
		{C63716F5-2BAB-49EE-87F9-92D15BAC8B97}.Debug_Unicode|x86.Build.0 = Debug|Win32
		{C63716F5-2BAB-49EE-87F9-92D15BAC8B97}.Debug|x64.ActiveCfg = Debug|x64
		{C63716F5-2BAB-49EE-87F9-92D15BAC8B97}.Debug|x64.Build.0 = Debug|x64
		{C63716F5-2BAB-49EE-87F9-92D15BAC8B97}.Debug|x86.ActiveCfg = Debug|Win32
		{C63716F5-2BAB-49EE-87F9-92D15BAC8B97}.Debug|x86.Build.0 = Debug|Win32
		{C63716F5-2BAB-49EE-87F9-92D15BAC8B97}.Release_Unicode|x64.ActiveCfg = Release|x64
		{C63716F5-2BAB-49EE-87F9-92D15BAC8B97}.Release_Unicode|x64.Build.0 = Release|x64
		{C63716F5-2BAB-49EE-87F9-92D15BAC8B97}.Release_Unicode|x86.ActiveCfg = Release|Win32
		{C63716F5-2BAB-49EE-87F9-92D15BAC8B97}.Release_Unicode|x86.Build.0 = Release|Win32
		{C63716F5-2BAB-49EE-87F9-92D15BAC8B97}.Release|x64.ActiveCfg = Release|x64
		{C63716F5-2BAB-49EE-87F9-92D15BAC8B97}.Release|x64.Build.0 = Release|x64
		{C63716F5-2BAB-49EE-87F9-92D15BAC8B97}.Release|x86.ActiveCfg = Release|Win32
		{C63716F5-2BAB-49EE-87F9-92D15BAC8B97}.Release|x86.Build.0 = Release|Win32
		{70108A4D-7CF5-45D7-9BFD-250A68944B98}.Debug_Unicode|x64.ActiveCfg = Debug|x64
		{70108A4D-7CF5-45D7-9BFD-250A68944B98}.Debug_Unicode|x86.ActiveCfg = Debug|Win32
		{70108A4D-7CF5-45D7-9BFD-250A68944B98}.Debug_Unicode|x86.Build.0 = Debug|Win32
		{70108A4D-7CF5-45D7-9BFD-250A68944B98}.Debug|x64.ActiveCfg = Debug|x64
		{70108A4D-7CF5-45D7-9BFD-250A68944B98}.Debug|x64.Build.0 = Debug|x64
		{70108A4D-7CF5-45D7-9BFD-250A68944B98}.Debug|x86.ActiveCfg = Debug|Win32
		{70108A4D-7CF5-45D7-9BFD-250A68944B98}.Debug|x86.Build.0 = Debug|Win32
		{70108A4D-7CF5-45D7-9BFD-250A68944B98}.Release_Unicode|x64.ActiveCfg = Release|x64
		{70108A4D-7CF5-45D7-9BFD-250A68944B98}.Release_Unicode|x64.Build.0 = Release|x64
		{70108A4D-7CF5-45D7-9BFD-250A68944B98}.Release_Unicode|x86.ActiveCfg = Release|Win32
		{70108A4D-7CF5-45D7-9BFD-250A68944B98}.Release_Unicode|x86.Build.0 = Release|Win32
		{70108A4D-7CF5-45D7-9BFD-250A68944B98}.Release|x64.ActiveCfg = Release|x64
		{70108A4D-7CF5-45D7-9BFD-250A68944B98}.Release|x64.Build.0 = Release|x64
		{70108A4D-7CF5-45D7-9BFD-250A68944B98}.Release|x86.ActiveCfg = Release|Win32
		{70108A4D-7CF5-45D7-9BFD-250A68944B98}.Release|x86.Build.0 = Release|Win32
		{D755224D-B02C-43C8-8ED4-F5E2B3782576}.Debug_Unicode|x64.ActiveCfg = Debug_Unicode|x64
		{D755224D-B02C-43C8-8ED4-F5E2B3782576}.Debug_Unicode|x64.Build.0 = Debug_Unicode|x64
		{D755224D-B02C-43C8-8ED4-F5E2B3782576}.Debug_Unicode|x86.ActiveCfg = Debug_Unicode|Win32
		{D755224D-B02C-43C8-8ED4-F5E2B3782576}.Debug_Unicode|x86.Build.0 = Debug_Unicode|Win32
		{D755224D-B02C-43C8-8ED4-F5E2B3782576}.Debug|x64.ActiveCfg = Debug|x64
		{D755224D-B02C-43C8-8ED4-F5E2B3782576}.Debug|x64.Build.0 = Debug|x64
		{D755224D-B02C-43C8-8ED4-F5E2B3782576}.Debug|x86.ActiveCfg = Debug|Win32
		{D755224D-B02C-43C8-8ED4-F5E2B3782576}.Debug|x86.Build.0 = Debug|Win32
		{D755224D-B02C-43C8-8ED4-F5E2B3782576}.Release_Unicode|x64.ActiveCfg = Release_Unicode|x64
		{D755224D-B02C-43C8-8ED4-F5E2B3782576}.Release_Unicode|x64.Build.0 = Release_Unicode|x64
		{D755224D-B02C-43C8-8ED4-F5E2B3782576}.Release_Unicode|x86.ActiveCfg = Release_Unicode|Win32
		{D755224D-B02C-43C8-8ED4-F5E2B3782576}.Release|x64.ActiveCfg = Release|x64
		{D755224D-B02C-43C8-8ED4-F5E2B3782576}.Release|x64.Build.0 = Release|x64
		{D755224D-B02C-43C8-8ED4-F5E2B3782576}.Release|x86.ActiveCfg = Release|Win32
		{D755224D-B02C-43C8-8ED4-F5E2B3782576}.Release|x86.Build.0 = Release|Win32
		{7DA02505-49D1-40F3-9E11-158A39491B39}.Debug_Unicode|x64.ActiveCfg = Debug_Unicode|x64
		{7DA02505-49D1-40F3-9E11-158A39491B39}.Debug_Unicode|x64.Build.0 = Debug_Unicode|x64
		{7DA02505-49D1-40F3-9E11-158A39491B39}.Debug_Unicode|x86.ActiveCfg = Debug_Unicode|Win32
		{7DA02505-49D1-40F3-9E11-158A39491B39}.Debug_Unicode|x86.Build.0 = Debug_Unicode|Win32
		{7DA02505-49D1-40F3-9E11-158A39491B39}.Debug|x64.ActiveCfg = Debug|x64
		{7DA02505-49D1-40F3-9E11-158A39491B39}.Debug|x64.Build.0 = Debug|x64
		{7DA02505-49D1-40F3-9E11-158A39491B39}.Debug|x86.ActiveCfg = Debug|Win32
		{7DA02505-49D1-40F3-9E11-158A39491B39}.Debug|x86.Build.0 = Debug|Win32
		{7DA02505-49D1-40F3-9E11-158A39491B39}.Release_Unicode|x64.ActiveCfg = Release_Unicode|x64
		{7DA02505-49D1-40F3-9E11-158A39491B39}.Release_Unicode|x64.Build.0 = Release_Unicode|x64
		{7DA02505-49D1-40F3-9E11-158A39491B39}.Release_Unicode|x86.ActiveCfg = Release_Unicode|Win32
		{7DA02505-49D1-40F3-9E11-158A39491B39}.Release_Unicode|x86.Build.0 = Release_Unicode|Win32
		{7DA02505-49D1-40F3-9E11-158A39491B39}.Release|x64.ActiveCfg = Release|x64
		{7DA02505-49D1-40F3-9E11-158A39491B39}.Release|x64.Build.0 = Release|x64
		{7DA02505-49D1-40F3-9E11-158A39491B39}.Release|x86.ActiveCfg = Release|Win32
		{7DA02505-49D1-40F3-9E11-158A39491B39}.Release|x86.Build.0 = Release|Win32
		{02432091-D7BE-4956-BB4E-2F2E46EA821F}.Debug_Unicode|x64.ActiveCfg = Debug_Unicode|x64
		{02432091-D7BE-4956-BB4E-2F2E46EA821F}.Debug_Unicode|x64.Build.0 = Debug_Unicode|x64
		{02432091-D7BE-4956-BB4E-2F2E46EA821F}.Debug_Unicode|x86.ActiveCfg = Debug_Unicode|Win32
		{02432091-D7BE-4956-BB4E-2F2E46EA821F}.Debug_Unicode|x86.Build.0 = Debug_Unicode|Win32
		{02432091-D7BE-4956-BB4E-2F2E46EA821F}.Debug|x64.ActiveCfg = Debug|x64
		{02432091-D7BE-4956-BB4E-2F2E46EA821F}.Debug|x64.Build.0 = Debug|x64
		{02432091-D7BE-4956-BB4E-2F2E46EA821F}.Debug|x86.ActiveCfg = Debug|Win32
		{02432091-D7BE-4956-BB4E-2F2E46EA821F}.Debug|x86.Build.0 = Debug|Win32
		{02432091-D7BE-4956-BB4E-2F2E46EA821F}.Release_Unicode|x64.ActiveCfg = Release_Unicode|x64
		{02432091-D7BE-4956-BB4E-2F2E46EA821F}.Release_Unicode|x64.Build.0 = Release_Unicode|x64
		{02432091-D7BE-4956-BB4E-2F2E46EA821F}.Release_Unicode|x86.ActiveCfg = Release_Unicode|Win32
		{02432091-D7BE-4956-BB4E-2F2E46EA821F}.Release_Unicode|x86.Build.0 = Release_Unicode|Win32
		{02432091-D7BE-4956-BB4E-2F2E46EA821F}.Release|x64.ActiveCfg = Release|x64
		{02432091-D7BE-4956-BB4E-2F2E46EA821F}.Release|x64.Build.0 = Release|x64
		{02432091-D7BE-4956-BB4E-2F2E46EA821F}.Release|x86.ActiveCfg = Release|Win32
		{02432091-D7BE-4956-BB4E-2F2E46EA821F}.Release|x86.Build.0 = Release|Win32
		{388302F0-306E-4F0F-A55E-EC9096F372D0}.Debug_Unicode|x64.ActiveCfg = Debug|x64
		{388302F0-306E-4F0F-A55E-EC9096F372D0}.Debug_Unicode|x64.Build.0 = Debug|x64
		{388302F0-306E-4F0F-A55E-EC9096F372D0}.Debug_Unicode|x86.ActiveCfg = Debug|Win32
		{388302F0-306E-4F0F-A55E-EC9096F372D0}.Debug_Unicode|x86.Build.0 = Debug|Win32
		{388302F0-306E-4F0F-A55E-EC9096F372D0}.Debug|x64.ActiveCfg = Debug|x64
		{388302F0-306E-4F0F-A55E-EC9096F372D0}.Debug|x64.Build.0 = Debug|x64
		{388302F0-306E-4F0F-A55E-EC9096F372D0}.Debug|x86.ActiveCfg = Debug|Win32
		{388302F0-306E-4F0F-A55E-EC9096F372D0}.Debug|x86.Build.0 = Debug|Win32
		{388302F0-306E-4F0F-A55E-EC9096F372D0}.Release_Unicode|x64.ActiveCfg = Release|x64
		{388302F0-306E-4F0F-A55E-EC9096F372D0}.Release_Unicode|x64.Build.0 = Release|x64
		{388302F0-306E-4F0F-A55E-EC9096F372D0}.Release_Unicode|x86.ActiveCfg = Release|Win32
		{388302F0-306E-4F0F-A55E-EC9096F372D0}.Release_Unicode|x86.Build.0 = Release|Win32
		{388302F0-306E-4F0F-A55E-EC9096F372D0}.Release|x64.ActiveCfg = Release|x64
		{388302F0-306E-4F0F-A55E-EC9096F372D0}.Release|x64.Build.0 = Release|x64
		{388302F0-306E-4F0F-A55E-EC9096F372D0}.Release|x86.ActiveCfg = Release|Win32
		{388302F0-306E-4F0F-A55E-EC9096F372D0}.Release|x86.Build.0 = Release|Win32
	EndGlobalSection
	GlobalSection(SolutionProperties) = preSolution
		HideSolutionNode = FALSE
	EndGlobalSection
	GlobalSection(NestedProjects) = preSolution
		{75FF8328-E7A7-4669-A985-1A89CB702C29} = {47E03CB3-04C8-4FD4-9970-D44C1FC3F5C5}
		{5A6FE12B-B721-4C10-B575-FE9065814623} = {47E03CB3-04C8-4FD4-9970-D44C1FC3F5C5}
		{1508262E-2992-4A95-9347-6494F9E7971B} = {D01E2DCA-E1BE-44E4-B015-4B7F2B670416}
		{8A784F31-1145-437C-B141-66FF79D8E0C8} = {D01E2DCA-E1BE-44E4-B015-4B7F2B670416}
		{1DA41941-C67B-423D-AB69-066A90E8C6D9} = {D01E2DCA-E1BE-44E4-B015-4B7F2B670416}
		{C63716F5-2BAB-49EE-87F9-92D15BAC8B97} = {21445700-B26F-4F23-8EC6-87AE218CFE33}
		{388302F0-306E-4F0F-A55E-EC9096F372D0} = {21445700-B26F-4F23-8EC6-87AE218CFE33}
	EndGlobalSection
	GlobalSection(ExtensibilityGlobals) = postSolution
		SolutionGuid = {AA9D3835-D6DB-4AB3-B4FE-5F64B2EA83E2}
	EndGlobalSection
EndGlobal
